
Microsoft Visual Studio Solution File, Format Version 12.00
# Visual Studio 15
VisualStudioVersion = 15.0.27428.2002
MinimumVisualStudioVersion = 10.0.40219.1
Project("{FAE04EC0-301F-11D3-BF4B-00C04F79EFBC}") = "TRN-Transponowanie_macierzy", "TRN-Transponowanie_macierzy\TRN-Transponowanie_macierzy.csproj", "{4621C9E6-D64A-48E5-A780-9A6A2DD547D7}"
EndProject
Global
	GlobalSection(SolutionConfigurationPlatforms) = preSolution
		Debug|Any CPU = Debug|Any CPU
		Release|Any CPU = Release|Any CPU
	EndGlobalSection
	GlobalSection(ProjectConfigurationPlatforms) = postSolution
		{4621C9E6-D64A-48E5-A780-9A6A2DD547D7}.Debug|Any CPU.ActiveCfg = Debug|Any CPU
		{4621C9E6-D64A-48E5-A780-9A6A2DD547D7}.Debug|Any CPU.Build.0 = Debug|Any CPU
		{4621C9E6-D64A-48E5-A780-9A6A2DD547D7}.Release|Any CPU.ActiveCfg = Release|Any CPU
		{4621C9E6-D64A-48E5-A780-9A6A2DD547D7}.Release|Any CPU.Build.0 = Release|Any CPU
	EndGlobalSection
	GlobalSection(SolutionProperties) = preSolution
		HideSolutionNode = FALSE
	EndGlobalSection
	GlobalSection(ExtensibilityGlobals) = postSolution
		SolutionGuid = {816665A2-DA47-4407-BB7E-C10F4FBCDCEA}
	EndGlobalSection
EndGlobal
